
Microsoft Visual Studio Solution File, Format Version 12.00
# Visual Studio Version 16
VisualStudioVersion = 16.0.31729.503
MinimumVisualStudioVersion = 10.0.40219.1
Project("{FAE04EC0-301F-11D3-BF4B-00C04F79EFBC}") = "QuizManager.Api", "QuizManager.Api\QuizManager.Api.csproj", "{F1939BF4-B4A3-4866-A079-4DDCB88D2448}"
EndProject
Global
	GlobalSection(SolutionConfigurationPlatforms) = preSolution
		Debug|Any CPU = Debug|Any CPU
		Release|Any CPU = Release|Any CPU
	EndGlobalSection
	GlobalSection(ProjectConfigurationPlatforms) = postSolution
		{F1939BF4-B4A3-4866-A079-4DDCB88D2448}.Debug|Any CPU.ActiveCfg = Debug|Any CPU
		{F1939BF4-B4A3-4866-A079-4DDCB88D2448}.Debug|Any CPU.Build.0 = Debug|Any CPU
		{F1939BF4-B4A3-4866-A079-4DDCB88D2448}.Release|Any CPU.ActiveCfg = Release|Any CPU
		{F1939BF4-B4A3-4866-A079-4DDCB88D2448}.Release|Any CPU.Build.0 = Release|Any CPU
	EndGlobalSection
	GlobalSection(SolutionProperties) = preSolution
		HideSolutionNode = FALSE
	EndGlobalSection
	GlobalSection(ExtensibilityGlobals) = postSolution
		SolutionGuid = {FA9AABDE-BE73-48E2-86DD-24579A1F063F}
	EndGlobalSection
EndGlobal
